{
  "object": {
    "pins": [
      {
        "package": "GlobPattern",
        "repositoryURL": "https://github.com/ChimeHQ/GlobPattern",
        "state": {
          "branch": null,
          "revision": "93c5308b13980265b77c2c652a674ef882aa1ed9",
          "version": "0.1.0"
        }
      }
    ]
  },
  "version": 1
}
