{
  "pins" : [
    {
      "identity" : "swift-glob",
      "kind" : "remoteSourceControl",
      "location" : "https://github.com/davbeck/swift-glob",
      "state" : {
        "revision" : "f6a5c1cb5449388dd237b335cad9d3cdd083b93a",
        "version" : "0.0.0"
      }
    }
  ],
  "version" : 2
}
